
Microsoft Visual Studio Solution File, Format Version 12.00
# Visual Studio 2012
Project("{FAE04EC0-301F-11D3-BF4B-00C04F79EFBC}") = "QuartzDemo", "QuartzDemo\QuartzDemo.csproj", "{2C8EF700-DB89-41D7-BA97-D4646A9DC227}"
EndProject
Project("{FAE04EC0-301F-11D3-BF4B-00C04F79EFBC}") = "Quartz.netConsoleApplication", "Quartz.netConsoleApplication\Quartz.netConsoleApplication.csproj", "{8009DE1F-488E-4557-9B6B-65B53DF5FCB4}"
EndProject
Global
	GlobalSection(SolutionConfigurationPlatforms) = preSolution
		Debug|Any CPU = Debug|Any CPU
		Release|Any CPU = Release|Any CPU
	EndGlobalSection
	GlobalSection(ProjectConfigurationPlatforms) = postSolution
		{2C8EF700-DB89-41D7-BA97-D4646A9DC227}.Debug|Any CPU.ActiveCfg = Debug|Any CPU
		{2C8EF700-DB89-41D7-BA97-D4646A9DC227}.Debug|Any CPU.Build.0 = Debug|Any CPU
		{2C8EF700-DB89-41D7-BA97-D4646A9DC227}.Release|Any CPU.ActiveCfg = Release|Any CPU
		{2C8EF700-DB89-41D7-BA97-D4646A9DC227}.Release|Any CPU.Build.0 = Release|Any CPU
		{8009DE1F-488E-4557-9B6B-65B53DF5FCB4}.Debug|Any CPU.ActiveCfg = Debug|Any CPU
		{8009DE1F-488E-4557-9B6B-65B53DF5FCB4}.Debug|Any CPU.Build.0 = Debug|Any CPU
		{8009DE1F-488E-4557-9B6B-65B53DF5FCB4}.Release|Any CPU.ActiveCfg = Release|Any CPU
		{8009DE1F-488E-4557-9B6B-65B53DF5FCB4}.Release|Any CPU.Build.0 = Release|Any CPU
	EndGlobalSection
	GlobalSection(SolutionProperties) = preSolution
		HideSolutionNode = FALSE
	EndGlobalSection
EndGlobal
